// !$*UTF8*$!
{
	archiveVersion = 1;
	classes = {
	};
	objectVersion = 50;
	objects = {

/* Begin PBXBuildFile section */
		037904DA23DB37ED00B0B24D /* AppDelegate.swift in Sources */ = {isa = PBXBuildFile; fileRef = 037904D923DB37ED00B0B24D /* AppDelegate.swift */; };
		037904DC23DB37ED00B0B24D /* SceneDelegate.swift in Sources */ = {isa = PBXBuildFile; fileRef = 037904DB23DB37ED00B0B24D /* SceneDelegate.swift */; };
		037904DE23DB37ED00B0B24D /* ViewController.swift in Sources */ = {isa = PBXBuildFile; fileRef = 037904DD23DB37ED00B0B24D /* ViewController.swift */; };
		037904E123DB37ED00B0B24D /* Main.storyboard in Resources */ = {isa = PBXBuildFile; fileRef = 037904DF23DB37ED00B0B24D /* Main.storyboard */; };
		037904E323DB37EE00B0B24D /* Assets.xcassets in Resources */ = {isa = PBXBuildFile; fileRef = 037904E223DB37EE00B0B24D /* Assets.xcassets */; };
		037904E623DB37EE00B0B24D /* LaunchScreen.storyboard in Resources */ = {isa = PBXBuildFile; fileRef = 037904E423DB37EE00B0B24D /* LaunchScreen.storyboard */; };
		037904F123DB37EE00B0B24D /* FiltersTests.swift in Sources */ = {isa = PBXBuildFile; fileRef = 037904F023DB37EE00B0B24D /* FiltersTests.swift */; };
/* End PBXBuildFile section */

/* Begin PBXContainerItemProxy section */
		037904ED23DB37EE00B0B24D /* PBXContainerItemProxy */ = {
			isa = PBXContainerItemProxy;
			containerPortal = 037904CE23DB37ED00B0B24D /* Project object */;
			proxyType = 1;
			remoteGlobalIDString = 037904D523DB37ED00B0B24D;
			remoteInfo = Filters;
		};
/* End PBXContainerItemProxy section */

/* Begin PBXFileReference section */
		037904D623DB37ED00B0B24D /* Filters.app */ = {isa = PBXFileReference; explicitFileType = wrapper.application; includeInIndex = 0; path = Filters.app; sourceTree = BUILT_PRODUCTS_DIR; };
		037904D923DB37ED00B0B24D /* AppDelegate.swift */ = {isa = PBXFileReference; lastKnownFileType = sourcecode.swift; path = AppDelegate.swift; sourceTree = "<group>"; };
		037904DB23DB37ED00B0B24D /* SceneDelegate.swift */ = {isa = PBXFileReference; lastKnownFileType = sourcecode.swift; path = SceneDelegate.swift; sourceTree = "<group>"; };
		037904DD23DB37ED00B0B24D /* ViewController.swift */ = {isa = PBXFileReference; lastKnownFileType = sourcecode.swift; path = ViewController.swift; sourceTree = "<group>"; };
		037904E023DB37ED00B0B24D /* Base */ = {isa = PBXFileReference; lastKnownFileType = file.storyboard; name = Base; path = Base.lproj/Main.storyboard; sourceTree = "<group>"; };
		037904E223DB37EE00B0B24D /* Assets.xcassets */ = {isa = PBXFileReference; lastKnownFileType = folder.assetcatalog; path = Assets.xcassets; sourceTree = "<group>"; };
		037904E523DB37EE00B0B24D /* Base */ = {isa = PBXFileReference; lastKnownFileType = file.storyboard; name = Base; path = Base.lproj/LaunchScreen.storyboard; sourceTree = "<group>"; };
		037904E723DB37EE00B0B24D /* Info.plist */ = {isa = PBXFileReference; lastKnownFileType = text.plist.xml; path = Info.plist; sourceTree = "<group>"; };
		037904EC23DB37EE00B0B24D /* FiltersTests.xctest */ = {isa = PBXFileReference; explicitFileType = wrapper.cfbundle; includeInIndex = 0; path = FiltersTests.xctest; sourceTree = BUILT_PRODUCTS_DIR; };
		037904F023DB37EE00B0B24D /* FiltersTests.swift */ = {isa = PBXFileReference; lastKnownFileType = sourcecode.swift; path = FiltersTests.swift; sourceTree = "<group>"; };
		037904F223DB37EE00B0B24D /* Info.plist */ = {isa = PBXFileReference; lastKnownFileType = text.plist.xml; path = Info.plist; sourceTree = "<group>"; };
/* End PBXFileReference section */

/* Begin PBXFrameworksBuildPhase section */
		037904D323DB37ED00B0B24D /* Frameworks */ = {
			isa = PBXFrameworksBuildPhase;
			buildActionMask = 2147483647;
			files = (
			);
			runOnlyForDeploymentPostprocessing = 0;
		};
		037904E923DB37EE00B0B24D /* Frameworks */ = {
			isa = PBXFrameworksBuildPhase;
			buildActionMask = 2147483647;
			files = (
			);
			runOnlyForDeploymentPostprocessing = 0;
		};
/* End PBXFrameworksBuildPhase section */

/* Begin PBXGroup section */
		037904CD23DB37ED00B0B24D = {
			isa = PBXGroup;
			children = (
				037904D823DB37ED00B0B24D /* Filters */,
				037904EF23DB37EE00B0B24D /* FiltersTests */,
				037904D723DB37ED00B0B24D /* Products */,
			);
			sourceTree = "<group>";
		};
		037904D723DB37ED00B0B24D /* Products */ = {
			isa = PBXGroup;
			children = (
				037904D623DB37ED00B0B24D /* Filters.app */,
				037904EC23DB37EE00B0B24D /* FiltersTests.xctest */,
			);
			name = Products;
			sourceTree = "<group>";
		};
		037904D823DB37ED00B0B24D /* Filters */ = {
			isa = PBXGroup;
			children = (
				037904D923DB37ED00B0B24D /* AppDelegate.swift */,
				037904DB23DB37ED00B0B24D /* SceneDelegate.swift */,
				037904DD23DB37ED00B0B24D /* ViewController.swift */,
				037904DF23DB37ED00B0B24D /* Main.storyboard */,
				037904E223DB37EE00B0B24D /* Assets.xcassets */,
				037904E423DB37EE00B0B24D /* LaunchScreen.storyboard */,
				037904E723DB37EE00B0B24D /* Info.plist */,
			);
			path = Filters;
			sourceTree = "<group>";
		};
		037904EF23DB37EE00B0B24D /* FiltersTests */ = {
			isa = PBXGroup;
			children = (
				037904F023DB37EE00B0B24D /* FiltersTests.swift */,
				037904F223DB37EE00B0B24D /* Info.plist */,
			);
			path = FiltersTests;
			sourceTree = "<group>";
		};
/* End PBXGroup section */

/* Begin PBXNativeTarget section */
		037904D523DB37ED00B0B24D /* Filters */ = {
			isa = PBXNativeTarget;
			buildConfigurationList = 037904F523DB37EE00B0B24D /* Build configuration list for PBXNativeTarget "Filters" */;
			buildPhases = (
				037904D223DB37ED00B0B24D /* Sources */,
				037904D323DB37ED00B0B24D /* Frameworks */,
				037904D423DB37ED00B0B24D /* Resources */,
			);
			buildRules = (
			);
			dependencies = (
			);
			name = Filters;
			productName = Filters;
			productReference = 037904D623DB37ED00B0B24D /* Filters.app */;
			productType = "com.apple.product-type.application";
		};
		037904EB23DB37EE00B0B24D /* FiltersTests */ = {
			isa = PBXNativeTarget;
			buildConfigurationList = 037904F823DB37EE00B0B24D /* Build configuration list for PBXNativeTarget "FiltersTests" */;
			buildPhases = (
				037904E823DB37EE00B0B24D /* Sources */,
				037904E923DB37EE00B0B24D /* Frameworks */,
				037904EA23DB37EE00B0B24D /* Resources */,
			);
			buildRules = (
			);
			dependencies = (
				037904EE23DB37EE00B0B24D /* PBXTargetDependency */,
			);
			name = FiltersTests;
			productName = FiltersTests;
			productReference = 037904EC23DB37EE00B0B24D /* FiltersTests.xctest */;
			productType = "com.apple.product-type.bundle.unit-test";
		};
/* End PBXNativeTarget section */

/* Begin PBXProject section */
		037904CE23DB37ED00B0B24D /* Project object */ = {
			isa = PBXProject;
			attributes = {
				LastSwiftUpdateCheck = 1130;
				LastUpgradeCheck = 1130;
				ORGANIZATIONNAME = com.josh;
				TargetAttributes = {
					037904D523DB37ED00B0B24D = {
						CreatedOnToolsVersion = 11.3.1;
					};
					037904EB23DB37EE00B0B24D = {
						CreatedOnToolsVersion = 11.3.1;
						TestTargetID = 037904D523DB37ED00B0B24D;
					};
				};
			};
			buildConfigurationList = 037904D123DB37ED00B0B24D /* Build configuration list for PBXProject "Filters" */;
			compatibilityVersion = "Xcode 9.3";
			developmentRegion = en;
			hasScannedForEncodings = 0;
			knownRegions = (
				en,
				Base,
			);
			mainGroup = 037904CD23DB37ED00B0B24D;
			productRefGroup = 037904D723DB37ED00B0B24D /* Products */;
			projectDirPath = "";
			projectRoot = "";
			targets = (
				037904D523DB37ED00B0B24D /* Filters */,
				037904EB23DB37EE00B0B24D /* FiltersTests */,
			);
		};
/* End PBXProject section */

/* Begin PBXResourcesBuildPhase section */
		037904D423DB37ED00B0B24D /* Resources */ = {
			isa = PBXResourcesBuildPhase;
			buildActionMask = 2147483647;
			files = (
				037904E623DB37EE00B0B24D /* LaunchScreen.storyboard in Resources */,
				037904E323DB37EE00B0B24D /* Assets.xcassets in Resources */,
				037904E123DB37ED00B0B24D /* Main.storyboard in Resources */,
			);
			runOnlyForDeploymentPostprocessing = 0;
		};
		037904EA23DB37EE00B0B24D /* Resources */ = {
			isa = PBXResourcesBuildPhase;
			buildActionMask = 2147483647;
			files = (
			);
			runOnlyForDeploymentPostprocessing = 0;
		};
/* End PBXResourcesBuildPhase section */

/* Begin PBXSourcesBuildPhase section */
		037904D223DB37ED00B0B24D /* Sources */ = {
			isa = PBXSourcesBuildPhase;
			buildActionMask = 2147483647;
			files = (
				037904DE23DB37ED00B0B24D /* ViewController.swift in Sources */,
				037904DA23DB37ED00B0B24D /* AppDelegate.swift in Sources */,
				037904DC23DB37ED00B0B24D /* SceneDelegate.swift in Sources */,
			);
			runOnlyForDeploymentPostprocessing = 0;
		};
		037904E823DB37EE00B0B24D /* Sources */ = {
			isa = PBXSourcesBuildPhase;
			buildActionMask = 2147483647;
			files = (
				037904F123DB37EE00B0B24D /* FiltersTests.swift in Sources */,
			);
			runOnlyForDeploymentPostprocessing = 0;
		};
/* End PBXSourcesBuildPhase section */

/* Begin PBXTargetDependency section */
		037904EE23DB37EE00B0B24D /* PBXTargetDependency */ = {
			isa = PBXTargetDependency;
			target = 037904D523DB37ED00B0B24D /* Filters */;
			targetProxy = 037904ED23DB37EE00B0B24D /* PBXContainerItemProxy */;
		};
/* End PBXTargetDependency section */

/* Begin PBXVariantGroup section */
		037904DF23DB37ED00B0B24D /* Main.storyboard */ = {
			isa = PBXVariantGroup;
			children = (
				037904E023DB37ED00B0B24D /* Base */,
			);
			name = Main.storyboard;
			sourceTree = "<group>";
		};
		037904E423DB37EE00B0B24D /* LaunchScreen.storyboard */ = {
			isa = PBXVariantGroup;
			children = (
				037904E523DB37EE00B0B24D /* Base */,
			);
			name = LaunchScreen.storyboard;
			sourceTree = "<group>";
		};
/* End PBXVariantGroup section */

/* Begin XCBuildConfiguration section */
		037904F323DB37EE00B0B24D /* Debug */ = {
			isa = XCBuildConfiguration;
			buildSettings = {
				ALWAYS_SEARCH_USER_PATHS = NO;
				CLANG_ANALYZER_NONNULL = YES;
				CLANG_ANALYZER_NUMBER_OBJECT_CONVERSION = YES_AGGRESSIVE;
				CLANG_CXX_LANGUAGE_STANDARD = "gnu++14";
				CLANG_CXX_LIBRARY = "libc++";
				CLANG_ENABLE_MODULES = YES;
				CLANG_ENABLE_OBJC_ARC = YES;
				CLANG_ENABLE_OBJC_WEAK = YES;
				CLANG_WARN_BLOCK_CAPTURE_AUTORELEASING = YES;
				CLANG_WARN_BOOL_CONVERSION = YES;
				CLANG_WARN_COMMA = YES;
				CLANG_WARN_CONSTANT_CONVERSION = YES;
				CLANG_WARN_DEPRECATED_OBJC_IMPLEMENTATIONS = YES;
				CLANG_WARN_DIRECT_OBJC_ISA_USAGE = YES_ERROR;
				CLANG_WARN_DOCUMENTATION_COMMENTS = YES;
				CLANG_WARN_EMPTY_BODY = YES;
				CLANG_WARN_ENUM_CONVERSION = YES;
				CLANG_WARN_INFINITE_RECURSION = YES;
				CLANG_WARN_INT_CONVERSION = YES;
				CLANG_WARN_NON_LITERAL_NULL_CONVERSION = YES;
				CLANG_WARN_OBJC_IMPLICIT_RETAIN_SELF = YES;
				CLANG_WARN_OBJC_LITERAL_CONVERSION = YES;
				CLANG_WARN_OBJC_ROOT_CLASS = YES_ERROR;
				CLANG_WARN_RANGE_LOOP_ANALYSIS = YES;
				CLANG_WARN_STRICT_PROTOTYPES = YES;
				CLANG_WARN_SUSPICIOUS_MOVE = YES;
				CLANG_WARN_UNGUARDED_AVAILABILITY = YES_AGGRESSIVE;
				CLANG_WARN_UNREACHABLE_CODE = YES;
				CLANG_WARN__DUPLICATE_METHOD_MATCH = YES;
				COPY_PHASE_STRIP = NO;
				DEBUG_INFORMATION_FORMAT = dwarf;
				ENABLE_STRICT_OBJC_MSGSEND = YES;
				ENABLE_TESTABILITY = YES;
				GCC_C_LANGUAGE_STANDARD = gnu11;
				GCC_DYNAMIC_NO_PIC = NO;
				GCC_NO_COMMON_BLOCKS = YES;
				GCC_OPTIMIZATION_LEVEL = 0;
				GCC_PREPROCESSOR_DEFINITIONS = (
					"DEBUG=1",
					"$(inherited)",
				);
				GCC_WARN_64_TO_32_BIT_CONVERSION = YES;
				GCC_WARN_ABOUT_RETURN_TYPE = YES_ERROR;
				GCC_WARN_UNDECLARED_SELECTOR = YES;
				GCC_WARN_UNINITIALIZED_AUTOS = YES_AGGRESSIVE;
				GCC_WARN_UNUSED_FUNCTION = YES;
				GCC_WARN_UNUSED_VARIABLE = YES;
				IPHONEOS_DEPLOYMENT_TARGET = 13.2;
				MTL_ENABLE_DEBUG_INFO = INCLUDE_SOURCE;
				MTL_FAST_MATH = YES;
				ONLY_ACTIVE_ARCH = YES;
				SDKROOT = iphoneos;
				SWIFT_ACTIVE_COMPILATION_CONDITIONS = DEBUG;
				SWIFT_OPTIMIZATION_LEVEL = "-Onone";
			};
			name = Debug;
		};
		037904F423DB37EE00B0B24D /* Release */ = {
			isa = XCBuildConfiguration;
			buildSettings = {
				ALWAYS_SEARCH_USER_PATHS = NO;
				CLANG_ANALYZER_NONNULL = YES;
				CLANG_ANALYZER_NUMBER_OBJECT_CONVERSION = YES_AGGRESSIVE;
				CLANG_CXX_LANGUAGE_STANDARD = "gnu++14";
				CLANG_CXX_LIBRARY = "libc++";
				CLANG_ENABLE_MODULES = YES;
				CLANG_ENABLE_OBJC_ARC = YES;
				CLANG_ENABLE_OBJC_WEAK = YES;
				CLANG_WARN_BLOCK_CAPTURE_AUTORELEASING = YES;
				CLANG_WARN_BOOL_CONVERSION = YES;
				CLANG_WARN_COMMA = YES;
				CLANG_WARN_CONSTANT_CONVERSION = YES;
				CLANG_WARN_DEPRECATED_OBJC_IMPLEMENTATIONS = YES;
				CLANG_WARN_DIRECT_OBJC_ISA_USAGE = YES_ERROR;
				CLANG_WARN_DOCUMENTATION_COMMENTS = YES;
				CLANG_WARN_EMPTY_BODY = YES;
				CLANG_WARN_ENUM_CONVERSION = YES;
				CLANG_WARN_INFINITE_RECURSION = YES;
				CLANG_WARN_INT_CONVERSION = YES;
				CLANG_WARN_NON_LITERAL_NULL_CONVERSION = YES;
				CLANG_WARN_OBJC_IMPLICIT_RETAIN_SELF = YES;
				CLANG_WARN_OBJC_LITERAL_CONVERSION = YES;
				CLANG_WARN_OBJC_ROOT_CLASS = YES_ERROR;
				CLANG_WARN_RANGE_LOOP_ANALYSIS = YES;
				CLANG_WARN_STRICT_PROTOTYPES = YES;
				CLANG_WARN_SUSPICIOUS_MOVE = YES;
				CLANG_WARN_UNGUARDED_AVAILABILITY = YES_AGGRESSIVE;
				CLANG_WARN_UNREACHABLE_CODE = YES;
				CLANG_WARN__DUPLICATE_METHOD_MATCH = YES;
				COPY_PHASE_STRIP = NO;
				DEBUG_INFORMATION_FORMAT = "dwarf-with-dsym";
				ENABLE_NS_ASSERTIONS = NO;
				ENABLE_STRICT_OBJC_MSGSEND = YES;
				GCC_C_LANGUAGE_STANDARD = gnu11;
				GCC_NO_COMMON_BLOCKS = YES;
				GCC_WARN_64_TO_32_BIT_CONVERSION = YES;
				GCC_WARN_ABOUT_RETURN_TYPE = YES_ERROR;
				GCC_WARN_UNDECLARED_SELECTOR = YES;
				GCC_WARN_UNINITIALIZED_AUTOS = YES_AGGRESSIVE;
				GCC_WARN_UNUSED_FUNCTION = YES;
				GCC_WARN_UNUSED_VARIABLE = YES;
				IPHONEOS_DEPLOYMENT_TARGET = 13.2;
				MTL_ENABLE_DEBUG_INFO = NO;
				MTL_FAST_MATH = YES;
				SDKROOT = iphoneos;
				SWIFT_COMPILATION_MODE = wholemodule;
				SWIFT_OPTIMIZATION_LEVEL = "-O";
				VALIDATE_PRODUCT = YES;
			};
			name = Release;
		};
		037904F623DB37EE00B0B24D /* Debug */ = {
			isa = XCBuildConfiguration;
			buildSettings = {
				ASSETCATALOG_COMPILER_APPICON_NAME = AppIcon;
				CODE_SIGN_STYLE = Automatic;
				DEVELOPMENT_TEAM = L4WMJSL77G;
				INFOPLIST_FILE = Filters/Info.plist;
				LD_RUNPATH_SEARCH_PATHS = (
					"$(inherited)",
					"@executable_path/Frameworks",
				);
				PRODUCT_BUNDLE_IDENTIFIER = josh.Filters;
				PRODUCT_NAME = "$(TARGET_NAME)";
				SWIFT_VERSION = 5.0;
				TARGETED_DEVICE_FAMILY = "1,2";
			};
			name = Debug;
		};
		037904F723DB37EE00B0B24D /* Release */ = {
			isa = XCBuildConfiguration;
			buildSettings = {
				ASSETCATALOG_COMPILER_APPICON_NAME = AppIcon;
				CODE_SIGN_STYLE = Automatic;
				DEVELOPMENT_TEAM = L4WMJSL77G;
				INFOPLIST_FILE = Filters/Info.plist;
				LD_RUNPATH_SEARCH_PATHS = (
					"$(inherited)",
					"@executable_path/Frameworks",
				);
				PRODUCT_BUNDLE_IDENTIFIER = josh.Filters;
				PRODUCT_NAME = "$(TARGET_NAME)";
				SWIFT_VERSION = 5.0;
				TARGETED_DEVICE_FAMILY = "1,2";
			};
			name = Release;
		};
		037904F923DB37EE00B0B24D /* Debug */ = {
			isa = XCBuildConfiguration;
			buildSettings = {
				ALWAYS_EMBED_SWIFT_STANDARD_LIBRARIES = YES;
				BUNDLE_LOADER = "$(TEST_HOST)";
				CODE_SIGN_STYLE = Automatic;
				DEVELOPMENT_TEAM = L4WMJSL77G;
				INFOPLIST_FILE = FiltersTests/Info.plist;
				IPHONEOS_DEPLOYMENT_TARGET = 13.2;
				LD_RUNPATH_SEARCH_PATHS = (
					"$(inherited)",
					"@executable_path/Frameworks",
					"@loader_path/Frameworks",
				);
				PRODUCT_BUNDLE_IDENTIFIER = josh.FiltersTests;
				PRODUCT_NAME = "$(TARGET_NAME)";
				SWIFT_VERSION = 5.0;
				TARGETED_DEVICE_FAMILY = "1,2";
				TEST_HOST = "$(BUILT_PRODUCTS_DIR)/Filters.app/Filters";
			};
			name = Debug;
		};
		037904FA23DB37EE00B0B24D /* Release */ = {
			isa = XCBuildConfiguration;
			buildSettings = {
				ALWAYS_EMBED_SWIFT_STANDARD_LIBRARIES = YES;
				BUNDLE_LOADER = "$(TEST_HOST)";
				CODE_SIGN_STYLE = Automatic;
				DEVELOPMENT_TEAM = L4WMJSL77G;
				INFOPLIST_FILE = FiltersTests/Info.plist;
				IPHONEOS_DEPLOYMENT_TARGET = 13.2;
				LD_RUNPATH_SEARCH_PATHS = (
					"$(inherited)",
					"@executable_path/Frameworks",
					"@loader_path/Frameworks",
				);
				PRODUCT_BUNDLE_IDENTIFIER = josh.FiltersTests;
				PRODUCT_NAME = "$(TARGET_NAME)";
				SWIFT_VERSION = 5.0;
				TARGETED_DEVICE_FAMILY = "1,2";
				TEST_HOST = "$(BUILT_PRODUCTS_DIR)/Filters.app/Filters";
			};
			name = Release;
		};
/* End XCBuildConfiguration section */

/* Begin XCConfigurationList section */
		037904D123DB37ED00B0B24D /* Build configuration list for PBXProject "Filters" */ = {
			isa = XCConfigurationList;
			buildConfigurations = (
				037904F323DB37EE00B0B24D /* Debug */,
				037904F423DB37EE00B0B24D /* Release */,
			);
			defaultConfigurationIsVisible = 0;
			defaultConfigurationName = Release;
		};
		037904F523DB37EE00B0B24D /* Build configuration list for PBXNativeTarget "Filters" */ = {
			isa = XCConfigurationList;
			buildConfigurations = (
				037904F623DB37EE00B0B24D /* Debug */,
				037904F723DB37EE00B0B24D /* Release */,
			);
			defaultConfigurationIsVisible = 0;
			defaultConfigurationName = Release;
		};
		037904F823DB37EE00B0B24D /* Build configuration list for PBXNativeTarget "FiltersTests" */ = {
			isa = XCConfigurationList;
			buildConfigurations = (
				037904F923DB37EE00B0B24D /* Debug */,
				037904FA23DB37EE00B0B24D /* Release */,
			);
			defaultConfigurationIsVisible = 0;
			defaultConfigurationName = Release;
		};
/* End XCConfigurationList section */
	};
	rootObject = 037904CE23DB37ED00B0B24D /* Project object */;
}
